
Microsoft Visual Studio Solution File, Format Version 12.00
# Visual Studio Version 17
VisualStudioVersion = 17.0.31903.59
MinimumVisualStudioVersion = 10.0.40219.1
Project("{2150E333-8FDC-42A3-9474-1A3956D46DE8}") = "src", "src", "{A1B2C3D4-0001-0001-0001-000000000001}"
EndProject
Project("{2150E333-8FDC-42A3-9474-1A3956D46DE8}") = "samples", "samples", "{A1B2C3D4-0002-0002-0002-000000000002}"
EndProject
Project("{2150E333-8FDC-42A3-9474-1A3956D46DE8}") = "test", "test", "{A1B2C3D4-0003-0003-0003-000000000003}"
EndProject
Project("{FAE04EC0-301F-11D3-BF4B-00C04F79EFBC}") = "CodeArt.Optimizely.HeadlessKit", "CodeArt.Optimizely.HeadlessKit\CodeArt.Optimizely.HeadlessKit.csproj", "{B1000001-0000-0000-0000-000000000001}"
EndProject
Project("{FAE04EC0-301F-11D3-BF4B-00C04F79EFBC}") = "HeadlessKit.Sample.RazorPages", "..\samples\HeadlessKit.Sample.RazorPages\HeadlessKit.Sample.RazorPages.csproj", "{B2000002-0000-0000-0000-000000000002}"
EndProject
Project("{FAE04EC0-301F-11D3-BF4B-00C04F79EFBC}") = "HeadlessKit.Sample.Mvc", "..\samples\HeadlessKit.Sample.Mvc\HeadlessKit.Sample.Mvc.csproj", "{B4000004-0000-0000-0000-000000000004}"
EndProject
Project("{FAE04EC0-301F-11D3-BF4B-00C04F79EFBC}") = "CodeArt.Optimizely.HeadlessKit.Tests", "..\test\CodeArt.Optimizely.HeadlessKit.Tests\CodeArt.Optimizely.HeadlessKit.Tests.csproj", "{B3000003-0000-0000-0000-000000000003}"
EndProject
Project("{2150E333-8FDC-42A3-9474-1A3956D46DE8}") = "tools", "tools", "{07C2787E-EAC7-C090-1BA3-A61EC2A24D84}"
EndProject
Project("{FAE04EC0-301F-11D3-BF4B-00C04F79EFBC}") = "OptimizelyContentMcp", "..\tools\OptimizelyContentMcp\OptimizelyContentMcp.csproj", "{85829EF8-B4A9-41FD-8852-B34F70854660}"
EndProject
Global
	GlobalSection(SolutionConfigurationPlatforms) = preSolution
		Debug|Any CPU = Debug|Any CPU
		Debug|x64 = Debug|x64
		Debug|x86 = Debug|x86
		Release|Any CPU = Release|Any CPU
		Release|x64 = Release|x64
		Release|x86 = Release|x86
	EndGlobalSection
	GlobalSection(ProjectConfigurationPlatforms) = postSolution
		{B1000001-0000-0000-0000-000000000001}.Debug|Any CPU.ActiveCfg = Debug|Any CPU
		{B1000001-0000-0000-0000-000000000001}.Debug|Any CPU.Build.0 = Debug|Any CPU
		{B1000001-0000-0000-0000-000000000001}.Debug|x64.ActiveCfg = Debug|Any CPU
		{B1000001-0000-0000-0000-000000000001}.Debug|x64.Build.0 = Debug|Any CPU
		{B1000001-0000-0000-0000-000000000001}.Debug|x86.ActiveCfg = Debug|Any CPU
		{B1000001-0000-0000-0000-000000000001}.Debug|x86.Build.0 = Debug|Any CPU
		{B1000001-0000-0000-0000-000000000001}.Release|Any CPU.ActiveCfg = Release|Any CPU
		{B1000001-0000-0000-0000-000000000001}.Release|Any CPU.Build.0 = Release|Any CPU
		{B1000001-0000-0000-0000-000000000001}.Release|x64.ActiveCfg = Release|Any CPU
		{B1000001-0000-0000-0000-000000000001}.Release|x64.Build.0 = Release|Any CPU
		{B1000001-0000-0000-0000-000000000001}.Release|x86.ActiveCfg = Release|Any CPU
		{B1000001-0000-0000-0000-000000000001}.Release|x86.Build.0 = Release|Any CPU
		{B2000002-0000-0000-0000-000000000002}.Debug|Any CPU.ActiveCfg = Debug|Any CPU
		{B2000002-0000-0000-0000-000000000002}.Debug|Any CPU.Build.0 = Debug|Any CPU
		{B2000002-0000-0000-0000-000000000002}.Debug|x64.ActiveCfg = Debug|Any CPU
		{B2000002-0000-0000-0000-000000000002}.Debug|x64.Build.0 = Debug|Any CPU
		{B2000002-0000-0000-0000-000000000002}.Debug|x86.ActiveCfg = Debug|Any CPU
		{B2000002-0000-0000-0000-000000000002}.Debug|x86.Build.0 = Debug|Any CPU
		{B2000002-0000-0000-0000-000000000002}.Release|Any CPU.ActiveCfg = Release|Any CPU
		{B2000002-0000-0000-0000-000000000002}.Release|Any CPU.Build.0 = Release|Any CPU
		{B2000002-0000-0000-0000-000000000002}.Release|x64.ActiveCfg = Release|Any CPU
		{B2000002-0000-0000-0000-000000000002}.Release|x64.Build.0 = Release|Any CPU
		{B2000002-0000-0000-0000-000000000002}.Release|x86.ActiveCfg = Release|Any CPU
		{B2000002-0000-0000-0000-000000000002}.Release|x86.Build.0 = Release|Any CPU
		{B4000004-0000-0000-0000-000000000004}.Debug|Any CPU.ActiveCfg = Debug|Any CPU
		{B4000004-0000-0000-0000-000000000004}.Debug|Any CPU.Build.0 = Debug|Any CPU
		{B4000004-0000-0000-0000-000000000004}.Debug|x64.ActiveCfg = Debug|Any CPU
		{B4000004-0000-0000-0000-000000000004}.Debug|x64.Build.0 = Debug|Any CPU
		{B4000004-0000-0000-0000-000000000004}.Debug|x86.ActiveCfg = Debug|Any CPU
		{B4000004-0000-0000-0000-000000000004}.Debug|x86.Build.0 = Debug|Any CPU
		{B4000004-0000-0000-0000-000000000004}.Release|Any CPU.ActiveCfg = Release|Any CPU
		{B4000004-0000-0000-0000-000000000004}.Release|Any CPU.Build.0 = Release|Any CPU
		{B4000004-0000-0000-0000-000000000004}.Release|x64.ActiveCfg = Release|Any CPU
		{B4000004-0000-0000-0000-000000000004}.Release|x64.Build.0 = Release|Any CPU
		{B4000004-0000-0000-0000-000000000004}.Release|x86.ActiveCfg = Release|Any CPU
		{B4000004-0000-0000-0000-000000000004}.Release|x86.Build.0 = Release|Any CPU
		{B3000003-0000-0000-0000-000000000003}.Debug|Any CPU.ActiveCfg = Debug|Any CPU
		{B3000003-0000-0000-0000-000000000003}.Debug|Any CPU.Build.0 = Debug|Any CPU
		{B3000003-0000-0000-0000-000000000003}.Debug|x64.ActiveCfg = Debug|Any CPU
		{B3000003-0000-0000-0000-000000000003}.Debug|x64.Build.0 = Debug|Any CPU
		{B3000003-0000-0000-0000-000000000003}.Debug|x86.ActiveCfg = Debug|Any CPU
		{B3000003-0000-0000-0000-000000000003}.Debug|x86.Build.0 = Debug|Any CPU
		{B3000003-0000-0000-0000-000000000003}.Release|Any CPU.ActiveCfg = Release|Any CPU
		{B3000003-0000-0000-0000-000000000003}.Release|Any CPU.Build.0 = Release|Any CPU
		{B3000003-0000-0000-0000-000000000003}.Release|x64.ActiveCfg = Release|Any CPU
		{B3000003-0000-0000-0000-000000000003}.Release|x64.Build.0 = Release|Any CPU
		{B3000003-0000-0000-0000-000000000003}.Release|x86.ActiveCfg = Release|Any CPU
		{B3000003-0000-0000-0000-000000000003}.Release|x86.Build.0 = Release|Any CPU
		{85829EF8-B4A9-41FD-8852-B34F70854660}.Debug|Any CPU.ActiveCfg = Debug|Any CPU
		{85829EF8-B4A9-41FD-8852-B34F70854660}.Debug|Any CPU.Build.0 = Debug|Any CPU
		{85829EF8-B4A9-41FD-8852-B34F70854660}.Debug|x64.ActiveCfg = Debug|Any CPU
		{85829EF8-B4A9-41FD-8852-B34F70854660}.Debug|x64.Build.0 = Debug|Any CPU
		{85829EF8-B4A9-41FD-8852-B34F70854660}.Debug|x86.ActiveCfg = Debug|Any CPU
		{85829EF8-B4A9-41FD-8852-B34F70854660}.Debug|x86.Build.0 = Debug|Any CPU
		{85829EF8-B4A9-41FD-8852-B34F70854660}.Release|Any CPU.ActiveCfg = Release|Any CPU
		{85829EF8-B4A9-41FD-8852-B34F70854660}.Release|Any CPU.Build.0 = Release|Any CPU
		{85829EF8-B4A9-41FD-8852-B34F70854660}.Release|x64.ActiveCfg = Release|Any CPU
		{85829EF8-B4A9-41FD-8852-B34F70854660}.Release|x64.Build.0 = Release|Any CPU
		{85829EF8-B4A9-41FD-8852-B34F70854660}.Release|x86.ActiveCfg = Release|Any CPU
		{85829EF8-B4A9-41FD-8852-B34F70854660}.Release|x86.Build.0 = Release|Any CPU
	EndGlobalSection
	GlobalSection(SolutionProperties) = preSolution
		HideSolutionNode = FALSE
	EndGlobalSection
	GlobalSection(NestedProjects) = preSolution
		{B1000001-0000-0000-0000-000000000001} = {A1B2C3D4-0001-0001-0001-000000000001}
		{B2000002-0000-0000-0000-000000000002} = {A1B2C3D4-0002-0002-0002-000000000002}
		{B4000004-0000-0000-0000-000000000004} = {A1B2C3D4-0002-0002-0002-000000000002}
		{B3000003-0000-0000-0000-000000000003} = {A1B2C3D4-0003-0003-0003-000000000003}
		{85829EF8-B4A9-41FD-8852-B34F70854660} = {07C2787E-EAC7-C090-1BA3-A61EC2A24D84}
	EndGlobalSection
EndGlobal
